# THIS IS AN AUTOGENERATED FILE. DO NOT EDIT THIS FILE DIRECTLY.
# yarn lockfile v1


"@feathersjs/commons@^5.0.0-pre.20":
  version "5.0.0-pre.20"
  resolved "https://registry.yarnpkg.com/@feathersjs/commons/-/commons-5.0.0-pre.20.tgz#542ec02c31f2e53954fc914146a2696d860e8825"
  integrity sha512-Eswb7Hy5unPEpqf9KkCJzfkoGn2r/EsSmwBQIwRK7BhrmMBdl/POUnd0rmsuTlrEUkQeHXxM8AY3vtk0aGsC6w==

"@feathersjs/feathers@^5.0.0-pre.20":
  version "5.0.0-pre.20"
  resolved "https://registry.yarnpkg.com/@feathersjs/feathers/-/feathers-5.0.0-pre.20.tgz#688fee19696c0cb80f93760af76ec9b5b5f93d95"
  integrity sha512-BhL53GiYS5jqoMyCkQFqVpYu+YSwIwoIutp/0dL97LD8nObue1wYX1Mm8lL9qm+v6otzmT0q1Gn9Cw01jtgdrg==
  dependencies:
    "@feathersjs/commons" "^5.0.0-pre.20"
    "@feathersjs/hooks" "^0.7.4"
    events "^3.3.0"

"@feathersjs/hooks@^0.7.4":
  version "0.7.4"
  resolved "https://registry.yarnpkg.com/@feathersjs/hooks/-/hooks-0.7.4.tgz#8c38b59686df772e5fb4af4a1952fe2ce77bd194"
  integrity sha512-TrnvC+bBpb8xg83SkKZ+/0yXLfJFV5Y93iwDbI0fE3yg32VC6bugnBHMHhNlNJywvjA0JJKE96kyMOavp+uZIA==

events@^3.3.0:
  version "3.3.0"
  resolved "https://registry.yarnpkg.com/events/-/events-3.3.0.tgz#31a95ad0a924e2d2c419a813aeb2c4e878ea7400"
  integrity sha512-mQw+2fkQbALzQ7V0MY0IqdnXNOeTtP4r0lN9z7AAawCXgqea7bDii20AYrIBrFd/Hx0M2Ocz6S111CaFkUcb0Q==
